
Microsoft Visual Studio Solution File, Format Version 12.00
# Visual Studio Version 16
VisualStudioVersion = 16.0.29519.181
MinimumVisualStudioVersion = 15.0.26124.0
Project("{9A19103F-16F7-4668-BE54-9A1E7A4F7556}") = "api", "api\api.csproj", "{46BA7A20-C727-41FB-BAFE-5FA41E198FAF}"
EndProject
Global
	GlobalSection(SolutionConfigurationPlatforms) = preSolution
		Debug|Any CPU = Debug|Any CPU
		Debug|x64 = Debug|x64
		Debug|x86 = Debug|x86
		Release|Any CPU = Release|Any CPU
		Release|x64 = Release|x64
		Release|x86 = Release|x86
	EndGlobalSection
	GlobalSection(ProjectConfigurationPlatforms) = postSolution
		{46BA7A20-C727-41FB-BAFE-5FA41E198FAF}.Debug|Any CPU.ActiveCfg = Debug|Any CPU
		{46BA7A20-C727-41FB-BAFE-5FA41E198FAF}.Debug|Any CPU.Build.0 = Debug|Any CPU
		{46BA7A20-C727-41FB-BAFE-5FA41E198FAF}.Debug|x64.ActiveCfg = Debug|Any CPU
		{46BA7A20-C727-41FB-BAFE-5FA41E198FAF}.Debug|x64.Build.0 = Debug|Any CPU
		{46BA7A20-C727-41FB-BAFE-5FA41E198FAF}.Debug|x86.ActiveCfg = Debug|Any CPU
		{46BA7A20-C727-41FB-BAFE-5FA41E198FAF}.Debug|x86.Build.0 = Debug|Any CPU
		{46BA7A20-C727-41FB-BAFE-5FA41E198FAF}.Release|Any CPU.ActiveCfg = Release|Any CPU
		{46BA7A20-C727-41FB-BAFE-5FA41E198FAF}.Release|Any CPU.Build.0 = Release|Any CPU
		{46BA7A20-C727-41FB-BAFE-5FA41E198FAF}.Release|x64.ActiveCfg = Release|Any CPU
		{46BA7A20-C727-41FB-BAFE-5FA41E198FAF}.Release|x64.Build.0 = Release|Any CPU
		{46BA7A20-C727-41FB-BAFE-5FA41E198FAF}.Release|x86.ActiveCfg = Release|Any CPU
		{46BA7A20-C727-41FB-BAFE-5FA41E198FAF}.Release|x86.Build.0 = Release|Any CPU
	EndGlobalSection
	GlobalSection(SolutionProperties) = preSolution
		HideSolutionNode = FALSE
	EndGlobalSection
	GlobalSection(ExtensibilityGlobals) = postSolution
		SolutionGuid = {DE715B5F-8A93-41BB-83F4-BD8B34610AF4}
	EndGlobalSection
EndGlobal
